
Microsoft Visual Studio Solution File, Format Version 12.00
# Visual Studio Version 17
VisualStudioVersion = 17.14.36121.58
MinimumVisualStudioVersion = 10.0.40219.1
Project("{FAE04EC0-301F-11D3-BF4B-00C04F79EFBC}") = "API", "API\API.csproj", "{CBFA08EA-AECE-205F-7B85-326FD0B81BAD}"
EndProject
Project("{FAE04EC0-301F-11D3-BF4B-00C04F79EFBC}") = "Application", "Application\Application.csproj", "{F80C4E72-27A0-12B5-0634-DD5C11CFB0C1}"
EndProject
Project("{FAE04EC0-301F-11D3-BF4B-00C04F79EFBC}") = "Domain", "Domain\Domain.csproj", "{E528BBC3-1C26-8C35-F682-23718816ADCD}"
EndProject
Project("{FAE04EC0-301F-11D3-BF4B-00C04F79EFBC}") = "Infrastructure", "Infrastructure\Infrastructure.csproj", "{5872AEB3-BAA3-FE31-B0EB-0FB6DBEDCF83}"
EndProject
Project("{2150E333-8FDC-42A3-9474-1A3956D46DE8}") = "Core", "Core", "{02EA681E-C7D8-13C7-8484-4AC65E1B71E8}"
EndProject
Project("{2150E333-8FDC-42A3-9474-1A3956D46DE8}") = "Adapters", "Adapters", "{2425B056-1796-42F2-A5FB-75F5B58375E9}"
EndProject
Project("{2150E333-8FDC-42A3-9474-1A3956D46DE8}") = "Driver", "Driver", "{C3518E0A-4DA6-4B68-9764-E9EB91AEA591}"
EndProject
Project("{2150E333-8FDC-42A3-9474-1A3956D46DE8}") = "Driven", "Driven", "{E1B20DC5-3006-417B-BA9E-759A87CF09DA}"
EndProject
Project("{2150E333-8FDC-42A3-9474-1A3956D46DE8}") = "Tests", "Tests", "{5F2D4D7A-96A8-41C5-8A9A-DC1F4DC1E328}"
EndProject
Project("{2150E333-8FDC-42A3-9474-1A3956D46DE8}") = "UseCases", "UseCases", "{5A31FA6C-9442-49E0-8E0B-0DFF7C262BC8}"
EndProject
Project("{FAE04EC0-301F-11D3-BF4B-00C04F79EFBC}") = "UnitTests", "Tests\UnitTests.csproj", "{9CF47860-2CEA-F379-09D8-9AEF27965D12}"
EndProject
Global
	GlobalSection(SolutionConfigurationPlatforms) = preSolution
		Debug|Any CPU = Debug|Any CPU
		Release|Any CPU = Release|Any CPU
	EndGlobalSection
	GlobalSection(ProjectConfigurationPlatforms) = postSolution
		{CBFA08EA-AECE-205F-7B85-326FD0B81BAD}.Debug|Any CPU.ActiveCfg = Debug|Any CPU
		{CBFA08EA-AECE-205F-7B85-326FD0B81BAD}.Debug|Any CPU.Build.0 = Debug|Any CPU
		{CBFA08EA-AECE-205F-7B85-326FD0B81BAD}.Release|Any CPU.ActiveCfg = Release|Any CPU
		{CBFA08EA-AECE-205F-7B85-326FD0B81BAD}.Release|Any CPU.Build.0 = Release|Any CPU
		{F80C4E72-27A0-12B5-0634-DD5C11CFB0C1}.Debug|Any CPU.ActiveCfg = Debug|Any CPU
		{F80C4E72-27A0-12B5-0634-DD5C11CFB0C1}.Debug|Any CPU.Build.0 = Debug|Any CPU
		{F80C4E72-27A0-12B5-0634-DD5C11CFB0C1}.Release|Any CPU.ActiveCfg = Release|Any CPU
		{F80C4E72-27A0-12B5-0634-DD5C11CFB0C1}.Release|Any CPU.Build.0 = Release|Any CPU
		{E528BBC3-1C26-8C35-F682-23718816ADCD}.Debug|Any CPU.ActiveCfg = Debug|Any CPU
		{E528BBC3-1C26-8C35-F682-23718816ADCD}.Debug|Any CPU.Build.0 = Debug|Any CPU
		{E528BBC3-1C26-8C35-F682-23718816ADCD}.Release|Any CPU.ActiveCfg = Release|Any CPU
		{E528BBC3-1C26-8C35-F682-23718816ADCD}.Release|Any CPU.Build.0 = Release|Any CPU
		{5872AEB3-BAA3-FE31-B0EB-0FB6DBEDCF83}.Debug|Any CPU.ActiveCfg = Debug|Any CPU
		{5872AEB3-BAA3-FE31-B0EB-0FB6DBEDCF83}.Debug|Any CPU.Build.0 = Debug|Any CPU
		{5872AEB3-BAA3-FE31-B0EB-0FB6DBEDCF83}.Release|Any CPU.ActiveCfg = Release|Any CPU
		{5872AEB3-BAA3-FE31-B0EB-0FB6DBEDCF83}.Release|Any CPU.Build.0 = Release|Any CPU
		{9CF47860-2CEA-F379-09D8-9AEF27965D12}.Debug|Any CPU.ActiveCfg = Debug|Any CPU
		{9CF47860-2CEA-F379-09D8-9AEF27965D12}.Debug|Any CPU.Build.0 = Debug|Any CPU
		{9CF47860-2CEA-F379-09D8-9AEF27965D12}.Release|Any CPU.ActiveCfg = Release|Any CPU
		{9CF47860-2CEA-F379-09D8-9AEF27965D12}.Release|Any CPU.Build.0 = Release|Any CPU
	EndGlobalSection
	GlobalSection(SolutionProperties) = preSolution
		HideSolutionNode = FALSE
	EndGlobalSection
	GlobalSection(NestedProjects) = preSolution
		{CBFA08EA-AECE-205F-7B85-326FD0B81BAD} = {C3518E0A-4DA6-4B68-9764-E9EB91AEA591}
		{F80C4E72-27A0-12B5-0634-DD5C11CFB0C1} = {5A31FA6C-9442-49E0-8E0B-0DFF7C262BC8}
		{E528BBC3-1C26-8C35-F682-23718816ADCD} = {02EA681E-C7D8-13C7-8484-4AC65E1B71E8}
		{5872AEB3-BAA3-FE31-B0EB-0FB6DBEDCF83} = {E1B20DC5-3006-417B-BA9E-759A87CF09DA}
		{C3518E0A-4DA6-4B68-9764-E9EB91AEA591} = {2425B056-1796-42F2-A5FB-75F5B58375E9}
		{E1B20DC5-3006-417B-BA9E-759A87CF09DA} = {2425B056-1796-42F2-A5FB-75F5B58375E9}
		{9CF47860-2CEA-F379-09D8-9AEF27965D12} = {5F2D4D7A-96A8-41C5-8A9A-DC1F4DC1E328}
	EndGlobalSection
	GlobalSection(ExtensibilityGlobals) = postSolution
		SolutionGuid = {16EB5079-1F7D-4E0A-BCBE-F016378AEED9}
	EndGlobalSection
EndGlobal
