
Microsoft Visual Studio Solution File, Format Version 12.00
# Visual Studio Version 17
VisualStudioVersion = 17.14.36121.58
MinimumVisualStudioVersion = 10.0.40219.1
Project("{2150E333-8FDC-42A3-9474-1A3956D46DE8}") = "Core", "Core", "{02EA681E-C7D8-13C7-8484-4AC65E1B71E8}"
EndProject
Project("{2150E333-8FDC-42A3-9474-1A3956D46DE8}") = "Adapters", "Adapters", "{2425B056-1796-42F2-A5FB-75F5B58375E9}"
EndProject
Project("{2150E333-8FDC-42A3-9474-1A3956D46DE8}") = "Driver", "Driver", "{C3518E0A-4DA6-4B68-9764-E9EB91AEA591}"
EndProject
Project("{2150E333-8FDC-42A3-9474-1A3956D46DE8}") = "Driven", "Driven", "{E1B20DC5-3006-417B-BA9E-759A87CF09DA}"
EndProject
Project("{2150E333-8FDC-42A3-9474-1A3956D46DE8}") = "Tests", "Tests", "{5F2D4D7A-96A8-41C5-8A9A-DC1F4DC1E328}"
EndProject
Project("{2150E333-8FDC-42A3-9474-1A3956D46DE8}") = "UseCases", "UseCases", "{5A31FA6C-9442-49E0-8E0B-0DFF7C262BC8}"
EndProject
Project("{FAE04EC0-301F-11D3-BF4B-00C04F79EFBC}") = "UnitTests", "Tests\UnitTests.csproj", "{9CF47860-2CEA-F379-09D8-9AEF27965D12}"
EndProject
Project("{FAE04EC0-301F-11D3-BF4B-00C04F79EFBC}") = "Infrastructure", "Adapters\Driven\Infrastructure\Infrastructure.csproj", "{0A98F0D8-CFF0-CEC8-11AB-E232A9970D00}"
EndProject
Project("{FAE04EC0-301F-11D3-BF4B-00C04F79EFBC}") = "API", "Adapters\Driver\API\API.csproj", "{71CD6B2F-CDDC-BD76-E29C-9B09A7CE7FC7}"
EndProject
Project("{FAE04EC0-301F-11D3-BF4B-00C04F79EFBC}") = "Domain", "Core\Domain\Domain.csproj", "{8DB9935B-679C-C53D-3174-AF920142537E}"
EndProject
Project("{FAE04EC0-301F-11D3-BF4B-00C04F79EFBC}") = "Application", "UseCases\Application\Application.csproj", "{8D6DDC83-81E4-0B86-5D17-FDCC67A64479}"
EndProject
Global
	GlobalSection(SolutionConfigurationPlatforms) = preSolution
		Debug|Any CPU = Debug|Any CPU
		Release|Any CPU = Release|Any CPU
	EndGlobalSection
	GlobalSection(ProjectConfigurationPlatforms) = postSolution
		{9CF47860-2CEA-F379-09D8-9AEF27965D12}.Debug|Any CPU.ActiveCfg = Debug|Any CPU
		{9CF47860-2CEA-F379-09D8-9AEF27965D12}.Debug|Any CPU.Build.0 = Debug|Any CPU
		{9CF47860-2CEA-F379-09D8-9AEF27965D12}.Release|Any CPU.ActiveCfg = Release|Any CPU
		{9CF47860-2CEA-F379-09D8-9AEF27965D12}.Release|Any CPU.Build.0 = Release|Any CPU
		{0A98F0D8-CFF0-CEC8-11AB-E232A9970D00}.Debug|Any CPU.ActiveCfg = Debug|Any CPU
		{0A98F0D8-CFF0-CEC8-11AB-E232A9970D00}.Debug|Any CPU.Build.0 = Debug|Any CPU
		{0A98F0D8-CFF0-CEC8-11AB-E232A9970D00}.Release|Any CPU.ActiveCfg = Release|Any CPU
		{0A98F0D8-CFF0-CEC8-11AB-E232A9970D00}.Release|Any CPU.Build.0 = Release|Any CPU
		{71CD6B2F-CDDC-BD76-E29C-9B09A7CE7FC7}.Debug|Any CPU.ActiveCfg = Debug|Any CPU
		{71CD6B2F-CDDC-BD76-E29C-9B09A7CE7FC7}.Debug|Any CPU.Build.0 = Debug|Any CPU
		{71CD6B2F-CDDC-BD76-E29C-9B09A7CE7FC7}.Release|Any CPU.ActiveCfg = Release|Any CPU
		{71CD6B2F-CDDC-BD76-E29C-9B09A7CE7FC7}.Release|Any CPU.Build.0 = Release|Any CPU
		{8DB9935B-679C-C53D-3174-AF920142537E}.Debug|Any CPU.ActiveCfg = Debug|Any CPU
		{8DB9935B-679C-C53D-3174-AF920142537E}.Debug|Any CPU.Build.0 = Debug|Any CPU
		{8DB9935B-679C-C53D-3174-AF920142537E}.Release|Any CPU.ActiveCfg = Release|Any CPU
		{8DB9935B-679C-C53D-3174-AF920142537E}.Release|Any CPU.Build.0 = Release|Any CPU
		{8D6DDC83-81E4-0B86-5D17-FDCC67A64479}.Debug|Any CPU.ActiveCfg = Debug|Any CPU
		{8D6DDC83-81E4-0B86-5D17-FDCC67A64479}.Debug|Any CPU.Build.0 = Debug|Any CPU
		{8D6DDC83-81E4-0B86-5D17-FDCC67A64479}.Release|Any CPU.ActiveCfg = Release|Any CPU
		{8D6DDC83-81E4-0B86-5D17-FDCC67A64479}.Release|Any CPU.Build.0 = Release|Any CPU
	EndGlobalSection
	GlobalSection(SolutionProperties) = preSolution
		HideSolutionNode = FALSE
	EndGlobalSection
	GlobalSection(NestedProjects) = preSolution
		{C3518E0A-4DA6-4B68-9764-E9EB91AEA591} = {2425B056-1796-42F2-A5FB-75F5B58375E9}
		{E1B20DC5-3006-417B-BA9E-759A87CF09DA} = {2425B056-1796-42F2-A5FB-75F5B58375E9}
		{9CF47860-2CEA-F379-09D8-9AEF27965D12} = {5F2D4D7A-96A8-41C5-8A9A-DC1F4DC1E328}
		{0A98F0D8-CFF0-CEC8-11AB-E232A9970D00} = {E1B20DC5-3006-417B-BA9E-759A87CF09DA}
		{71CD6B2F-CDDC-BD76-E29C-9B09A7CE7FC7} = {C3518E0A-4DA6-4B68-9764-E9EB91AEA591}
		{8DB9935B-679C-C53D-3174-AF920142537E} = {02EA681E-C7D8-13C7-8484-4AC65E1B71E8}
		{8D6DDC83-81E4-0B86-5D17-FDCC67A64479} = {5A31FA6C-9442-49E0-8E0B-0DFF7C262BC8}
	EndGlobalSection
	GlobalSection(ExtensibilityGlobals) = postSolution
		SolutionGuid = {16EB5079-1F7D-4E0A-BCBE-F016378AEED9}
	EndGlobalSection
EndGlobal
